
Microsoft Visual Studio Solution File, Format Version 12.00
# Visual Studio 15
VisualStudioVersion = 15.0.27130.2020
MinimumVisualStudioVersion = 10.0.40219.1
Project("{FAE04EC0-301F-11D3-BF4B-00C04F79EFBC}") = "WebAPI", "WebAPI\WebAPI.csproj", "{0787A944-8C21-465A-91DA-B017FC41A9FA}"
EndProject
Project("{FAE04EC0-301F-11D3-BF4B-00C04F79EFBC}") = "WebAPI.Tests", "WebAPI.Tests\WebAPI.Tests.csproj", "{0274B752-0CA6-45DF-A7B6-ABA7EDBE35D8}"
EndProject
Project("{FAE04EC0-301F-11D3-BF4B-00C04F79EFBC}") = "ConsomeWebApi", "..\ConsomeWebApi\ConsomeWebApi\ConsomeWebApi.csproj", "{D80BFF93-8D98-4E12-8065-E51C2BEF1529}"
EndProject
Global
	GlobalSection(SolutionConfigurationPlatforms) = preSolution
		Debug|Any CPU = Debug|Any CPU
		Release|Any CPU = Release|Any CPU
	EndGlobalSection
	GlobalSection(ProjectConfigurationPlatforms) = postSolution
		{0787A944-8C21-465A-91DA-B017FC41A9FA}.Debug|Any CPU.ActiveCfg = Debug|Any CPU
		{0787A944-8C21-465A-91DA-B017FC41A9FA}.Debug|Any CPU.Build.0 = Debug|Any CPU
		{0787A944-8C21-465A-91DA-B017FC41A9FA}.Release|Any CPU.ActiveCfg = Release|Any CPU
		{0787A944-8C21-465A-91DA-B017FC41A9FA}.Release|Any CPU.Build.0 = Release|Any CPU
		{0274B752-0CA6-45DF-A7B6-ABA7EDBE35D8}.Debug|Any CPU.ActiveCfg = Debug|Any CPU
		{0274B752-0CA6-45DF-A7B6-ABA7EDBE35D8}.Debug|Any CPU.Build.0 = Debug|Any CPU
		{0274B752-0CA6-45DF-A7B6-ABA7EDBE35D8}.Release|Any CPU.ActiveCfg = Release|Any CPU
		{0274B752-0CA6-45DF-A7B6-ABA7EDBE35D8}.Release|Any CPU.Build.0 = Release|Any CPU
		{D80BFF93-8D98-4E12-8065-E51C2BEF1529}.Debug|Any CPU.ActiveCfg = Debug|Any CPU
		{D80BFF93-8D98-4E12-8065-E51C2BEF1529}.Debug|Any CPU.Build.0 = Debug|Any CPU
		{D80BFF93-8D98-4E12-8065-E51C2BEF1529}.Release|Any CPU.ActiveCfg = Release|Any CPU
		{D80BFF93-8D98-4E12-8065-E51C2BEF1529}.Release|Any CPU.Build.0 = Release|Any CPU
	EndGlobalSection
	GlobalSection(SolutionProperties) = preSolution
		HideSolutionNode = FALSE
	EndGlobalSection
	GlobalSection(ExtensibilityGlobals) = postSolution
		SolutionGuid = {FAB87E9B-81A1-4235-8CEC-A1C2D0E0F783}
	EndGlobalSection
EndGlobal
